// !$*UTF8*$!
{
	archiveVersion = 1;
	classes = {
	};
	objectVersion = 48;
	objects = {

/* Begin PBXBuildFile section */
		1235B22F1EFDC4740032DDF3 /* AppDelegate.m in Sources */ = {isa = PBXBuildFile; fileRef = 1235B22E1EFDC4740032DDF3 /* AppDelegate.m */; };
		1235B2321EFDC4740032DDF3 /* ViewController.m in Sources */ = {isa = PBXBuildFile; fileRef = 1235B2311EFDC4740032DDF3 /* ViewController.m */; };
		1235B2351EFDC4740032DDF3 /* Main.storyboard in Resources */ = {isa = PBXBuildFile; fileRef = 1235B2331EFDC4740032DDF3 /* Main.storyboard */; };
		1235B2371EFDC4740032DDF3 /* Assets.xcassets in Resources */ = {isa = PBXBuildFile; fileRef = 1235B2361EFDC4740032DDF3 /* Assets.xcassets */; };
		1235B23A1EFDC4740032DDF3 /* LaunchScreen.storyboard in Resources */ = {isa = PBXBuildFile; fileRef = 1235B2381EFDC4740032DDF3 /* LaunchScreen.storyboard */; };
		1235B23D1EFDC4740032DDF3 /* main.m in Sources */ = {isa = PBXBuildFile; fileRef = 1235B23C1EFDC4740032DDF3 /* main.m */; };
		1235B2471EFDC4740032DDF3 /* UIPickerViewsTests.m in Sources */ = {isa = PBXBuildFile; fileRef = 1235B2461EFDC4740032DDF3 /* UIPickerViewsTests.m */; };
		1235B2521EFDC4740032DDF3 /* UIPickerViewsUITests.m in Sources */ = {isa = PBXBuildFile; fileRef = 1235B2511EFDC4740032DDF3 /* UIPickerViewsUITests.m */; };
/* End PBXBuildFile section */

/* Begin PBXContainerItemProxy section */
		1235B2431EFDC4740032DDF3 /* PBXContainerItemProxy */ = {
			isa = PBXContainerItemProxy;
			containerPortal = 1235B2221EFDC4740032DDF3 /* Project object */;
			proxyType = 1;
			remoteGlobalIDString = 1235B2291EFDC4740032DDF3;
			remoteInfo = UIPickerViews;
		};
		1235B24E1EFDC4740032DDF3 /* PBXContainerItemProxy */ = {
			isa = PBXContainerItemProxy;
			containerPortal = 1235B2221EFDC4740032DDF3 /* Project object */;
			proxyType = 1;
			remoteGlobalIDString = 1235B2291EFDC4740032DDF3;
			remoteInfo = UIPickerViews;
		};
/* End PBXContainerItemProxy section */

/* Begin PBXFileReference section */
		1235B22A1EFDC4740032DDF3 /* UIPickerViews.app */ = {isa = PBXFileReference; explicitFileType = wrapper.application; includeInIndex = 0; path = UIPickerViews.app; sourceTree = BUILT_PRODUCTS_DIR; };
		1235B22D1EFDC4740032DDF3 /* AppDelegate.h */ = {isa = PBXFileReference; lastKnownFileType = sourcecode.c.h; path = AppDelegate.h; sourceTree = "<group>"; };
		1235B22E1EFDC4740032DDF3 /* AppDelegate.m */ = {isa = PBXFileReference; lastKnownFileType = sourcecode.c.objc; path = AppDelegate.m; sourceTree = "<group>"; };
		1235B2301EFDC4740032DDF3 /* ViewController.h */ = {isa = PBXFileReference; lastKnownFileType = sourcecode.c.h; path = ViewController.h; sourceTree = "<group>"; };
		1235B2311EFDC4740032DDF3 /* ViewController.m */ = {isa = PBXFileReference; lastKnownFileType = sourcecode.c.objc; path = ViewController.m; sourceTree = "<group>"; };
		1235B2341EFDC4740032DDF3 /* Base */ = {isa = PBXFileReference; lastKnownFileType = file.storyboard; name = Base; path = Base.lproj/Main.storyboard; sourceTree = "<group>"; };
		1235B2361EFDC4740032DDF3 /* Assets.xcassets */ = {isa = PBXFileReference; lastKnownFileType = folder.assetcatalog; path = Assets.xcassets; sourceTree = "<group>"; };
		1235B2391EFDC4740032DDF3 /* Base */ = {isa = PBXFileReference; lastKnownFileType = file.storyboard; name = Base; path = Base.lproj/LaunchScreen.storyboard; sourceTree = "<group>"; };
		1235B23B1EFDC4740032DDF3 /* Info.plist */ = {isa = PBXFileReference; lastKnownFileType = text.plist.xml; path = Info.plist; sourceTree = "<group>"; };
		1235B23C1EFDC4740032DDF3 /* main.m */ = {isa = PBXFileReference; lastKnownFileType = sourcecode.c.objc; path = main.m; sourceTree = "<group>"; };
		1235B2421EFDC4740032DDF3 /* UIPickerViewsTests.xctest */ = {isa = PBXFileReference; explicitFileType = wrapper.cfbundle; includeInIndex = 0; path = UIPickerViewsTests.xctest; sourceTree = BUILT_PRODUCTS_DIR; };
		1235B2461EFDC4740032DDF3 /* UIPickerViewsTests.m */ = {isa = PBXFileReference; lastKnownFileType = sourcecode.c.objc; path = UIPickerViewsTests.m; sourceTree = "<group>"; };
		1235B2481EFDC4740032DDF3 /* Info.plist */ = {isa = PBXFileReference; lastKnownFileType = text.plist.xml; path = Info.plist; sourceTree = "<group>"; };
		1235B24D1EFDC4740032DDF3 /* UIPickerViewsUITests.xctest */ = {isa = PBXFileReference; explicitFileType = wrapper.cfbundle; includeInIndex = 0; path = UIPickerViewsUITests.xctest; sourceTree = BUILT_PRODUCTS_DIR; };
		1235B2511EFDC4740032DDF3 /* UIPickerViewsUITests.m */ = {isa = PBXFileReference; lastKnownFileType = sourcecode.c.objc; path = UIPickerViewsUITests.m; sourceTree = "<group>"; };
		1235B2531EFDC4740032DDF3 /* Info.plist */ = {isa = PBXFileReference; lastKnownFileType = text.plist.xml; path = Info.plist; sourceTree = "<group>"; };
/* End PBXFileReference section */

/* Begin PBXFrameworksBuildPhase section */
		1235B2271EFDC4740032DDF3 /* Frameworks */ = {
			isa = PBXFrameworksBuildPhase;
			buildActionMask = 2147483647;
			files = (
			);
			runOnlyForDeploymentPostprocessing = 0;
		};
		1235B23F1EFDC4740032DDF3 /* Frameworks */ = {
			isa = PBXFrameworksBuildPhase;
			buildActionMask = 2147483647;
			files = (
			);
			runOnlyForDeploymentPostprocessing = 0;
		};
		1235B24A1EFDC4740032DDF3 /* Frameworks */ = {
			isa = PBXFrameworksBuildPhase;
			buildActionMask = 2147483647;
			files = (
			);
			runOnlyForDeploymentPostprocessing = 0;
		};
/* End PBXFrameworksBuildPhase section */

/* Begin PBXGroup section */
		1235B2211EFDC4740032DDF3 = {
			isa = PBXGroup;
			children = (
				1235B22C1EFDC4740032DDF3 /* UIPickerViews */,
				1235B2451EFDC4740032DDF3 /* UIPickerViewsTests */,
				1235B2501EFDC4740032DDF3 /* UIPickerViewsUITests */,
				1235B22B1EFDC4740032DDF3 /* Products */,
			);
			sourceTree = "<group>";
		};
		1235B22B1EFDC4740032DDF3 /* Products */ = {
			isa = PBXGroup;
			children = (
				1235B22A1EFDC4740032DDF3 /* UIPickerViews.app */,
				1235B2421EFDC4740032DDF3 /* UIPickerViewsTests.xctest */,
				1235B24D1EFDC4740032DDF3 /* UIPickerViewsUITests.xctest */,
			);
			name = Products;
			sourceTree = "<group>";
		};
		1235B22C1EFDC4740032DDF3 /* UIPickerViews */ = {
			isa = PBXGroup;
			children = (
				1235B22D1EFDC4740032DDF3 /* AppDelegate.h */,
				1235B22E1EFDC4740032DDF3 /* AppDelegate.m */,
				1235B2301EFDC4740032DDF3 /* ViewController.h */,
				1235B2311EFDC4740032DDF3 /* ViewController.m */,
				1235B2331EFDC4740032DDF3 /* Main.storyboard */,
				1235B2361EFDC4740032DDF3 /* Assets.xcassets */,
				1235B2381EFDC4740032DDF3 /* LaunchScreen.storyboard */,
				1235B23B1EFDC4740032DDF3 /* Info.plist */,
				1235B23C1EFDC4740032DDF3 /* main.m */,
			);
			path = UIPickerViews;
			sourceTree = "<group>";
		};
		1235B2451EFDC4740032DDF3 /* UIPickerViewsTests */ = {
			isa = PBXGroup;
			children = (
				1235B2461EFDC4740032DDF3 /* UIPickerViewsTests.m */,
				1235B2481EFDC4740032DDF3 /* Info.plist */,
			);
			path = UIPickerViewsTests;
			sourceTree = "<group>";
		};
		1235B2501EFDC4740032DDF3 /* UIPickerViewsUITests */ = {
			isa = PBXGroup;
			children = (
				1235B2511EFDC4740032DDF3 /* UIPickerViewsUITests.m */,
				1235B2531EFDC4740032DDF3 /* Info.plist */,
			);
			path = UIPickerViewsUITests;
			sourceTree = "<group>";
		};
/* End PBXGroup section */

/* Begin PBXNativeTarget section */
		1235B2291EFDC4740032DDF3 /* UIPickerViews */ = {
			isa = PBXNativeTarget;
			buildConfigurationList = 1235B2561EFDC4740032DDF3 /* Build configuration list for PBXNativeTarget "UIPickerViews" */;
			buildPhases = (
				1235B2261EFDC4740032DDF3 /* Sources */,
				1235B2271EFDC4740032DDF3 /* Frameworks */,
				1235B2281EFDC4740032DDF3 /* Resources */,
			);
			buildRules = (
			);
			dependencies = (
			);
			name = UIPickerViews;
			productName = UIPickerViews;
			productReference = 1235B22A1EFDC4740032DDF3 /* UIPickerViews.app */;
			productType = "com.apple.product-type.application";
		};
		1235B2411EFDC4740032DDF3 /* UIPickerViewsTests */ = {
			isa = PBXNativeTarget;
			buildConfigurationList = 1235B2591EFDC4740032DDF3 /* Build configuration list for PBXNativeTarget "UIPickerViewsTests" */;
			buildPhases = (
				1235B23E1EFDC4740032DDF3 /* Sources */,
				1235B23F1EFDC4740032DDF3 /* Frameworks */,
				1235B2401EFDC4740032DDF3 /* Resources */,
			);
			buildRules = (
			);
			dependencies = (
				1235B2441EFDC4740032DDF3 /* PBXTargetDependency */,
			);
			name = UIPickerViewsTests;
			productName = UIPickerViewsTests;
			productReference = 1235B2421EFDC4740032DDF3 /* UIPickerViewsTests.xctest */;
			productType = "com.apple.product-type.bundle.unit-test";
		};
		1235B24C1EFDC4740032DDF3 /* UIPickerViewsUITests */ = {
			isa = PBXNativeTarget;
			buildConfigurationList = 1235B25C1EFDC4740032DDF3 /* Build configuration list for PBXNativeTarget "UIPickerViewsUITests" */;
			buildPhases = (
				1235B2491EFDC4740032DDF3 /* Sources */,
				1235B24A1EFDC4740032DDF3 /* Frameworks */,
				1235B24B1EFDC4740032DDF3 /* Resources */,
			);
			buildRules = (
			);
			dependencies = (
				1235B24F1EFDC4740032DDF3 /* PBXTargetDependency */,
			);
			name = UIPickerViewsUITests;
			productName = UIPickerViewsUITests;
			productReference = 1235B24D1EFDC4740032DDF3 /* UIPickerViewsUITests.xctest */;
			productType = "com.apple.product-type.bundle.ui-testing";
		};
/* End PBXNativeTarget section */

/* Begin PBXProject section */
		1235B2221EFDC4740032DDF3 /* Project object */ = {
			isa = PBXProject;
			attributes = {
				LastUpgradeCheck = 0900;
				ORGANIZATIONNAME = "Aaron Caines";
				TargetAttributes = {
					1235B2291EFDC4740032DDF3 = {
						CreatedOnToolsVersion = 9.0;
					};
					1235B2411EFDC4740032DDF3 = {
						CreatedOnToolsVersion = 9.0;
						TestTargetID = 1235B2291EFDC4740032DDF3;
					};
					1235B24C1EFDC4740032DDF3 = {
						CreatedOnToolsVersion = 9.0;
						TestTargetID = 1235B2291EFDC4740032DDF3;
					};
				};
			};
			buildConfigurationList = 1235B2251EFDC4740032DDF3 /* Build configuration list for PBXProject "UIPickerViews" */;
			compatibilityVersion = "Xcode 8.0";
			developmentRegion = en;
			hasScannedForEncodings = 0;
			knownRegions = (
				en,
				Base,
			);
			mainGroup = 1235B2211EFDC4740032DDF3;
			productRefGroup = 1235B22B1EFDC4740032DDF3 /* Products */;
			projectDirPath = "";
			projectRoot = "";
			targets = (
				1235B2291EFDC4740032DDF3 /* UIPickerViews */,
				1235B2411EFDC4740032DDF3 /* UIPickerViewsTests */,
				1235B24C1EFDC4740032DDF3 /* UIPickerViewsUITests */,
			);
		};
/* End PBXProject section */

/* Begin PBXResourcesBuildPhase section */
		1235B2281EFDC4740032DDF3 /* Resources */ = {
			isa = PBXResourcesBuildPhase;
			buildActionMask = 2147483647;
			files = (
				1235B23A1EFDC4740032DDF3 /* LaunchScreen.storyboard in Resources */,
				1235B2371EFDC4740032DDF3 /* Assets.xcassets in Resources */,
				1235B2351EFDC4740032DDF3 /* Main.storyboard in Resources */,
			);
			runOnlyForDeploymentPostprocessing = 0;
		};
		1235B2401EFDC4740032DDF3 /* Resources */ = {
			isa = PBXResourcesBuildPhase;
			buildActionMask = 2147483647;
			files = (
			);
			runOnlyForDeploymentPostprocessing = 0;
		};
		1235B24B1EFDC4740032DDF3 /* Resources */ = {
			isa = PBXResourcesBuildPhase;
			buildActionMask = 2147483647;
			files = (
			);
			runOnlyForDeploymentPostprocessing = 0;
		};
/* End PBXResourcesBuildPhase section */

/* Begin PBXSourcesBuildPhase section */
		1235B2261EFDC4740032DDF3 /* Sources */ = {
			isa = PBXSourcesBuildPhase;
			buildActionMask = 2147483647;
			files = (
				1235B2321EFDC4740032DDF3 /* ViewController.m in Sources */,
				1235B23D1EFDC4740032DDF3 /* main.m in Sources */,
				1235B22F1EFDC4740032DDF3 /* AppDelegate.m in Sources */,
			);
			runOnlyForDeploymentPostprocessing = 0;
		};
		1235B23E1EFDC4740032DDF3 /* Sources */ = {
			isa = PBXSourcesBuildPhase;
			buildActionMask = 2147483647;
			files = (
				1235B2471EFDC4740032DDF3 /* UIPickerViewsTests.m in Sources */,
			);
			runOnlyForDeploymentPostprocessing = 0;
		};
		1235B2491EFDC4740032DDF3 /* Sources */ = {
			isa = PBXSourcesBuildPhase;
			buildActionMask = 2147483647;
			files = (
				1235B2521EFDC4740032DDF3 /* UIPickerViewsUITests.m in Sources */,
			);
			runOnlyForDeploymentPostprocessing = 0;
		};
/* End PBXSourcesBuildPhase section */

/* Begin PBXTargetDependency section */
		1235B2441EFDC4740032DDF3 /* PBXTargetDependency */ = {
			isa = PBXTargetDependency;
			target = 1235B2291EFDC4740032DDF3 /* UIPickerViews */;
			targetProxy = 1235B2431EFDC4740032DDF3 /* PBXContainerItemProxy */;
		};
		1235B24F1EFDC4740032DDF3 /* PBXTargetDependency */ = {
			isa = PBXTargetDependency;
			target = 1235B2291EFDC4740032DDF3 /* UIPickerViews */;
			targetProxy = 1235B24E1EFDC4740032DDF3 /* PBXContainerItemProxy */;
		};
/* End PBXTargetDependency section */

/* Begin PBXVariantGroup section */
		1235B2331EFDC4740032DDF3 /* Main.storyboard */ = {
			isa = PBXVariantGroup;
			children = (
				1235B2341EFDC4740032DDF3 /* Base */,
			);
			name = Main.storyboard;
			sourceTree = "<group>";
		};
		1235B2381EFDC4740032DDF3 /* LaunchScreen.storyboard */ = {
			isa = PBXVariantGroup;
			children = (
				1235B2391EFDC4740032DDF3 /* Base */,
			);
			name = LaunchScreen.storyboard;
			sourceTree = "<group>";
		};
/* End PBXVariantGroup section */

/* Begin XCBuildConfiguration section */
		1235B2541EFDC4740032DDF3 /* Debug */ = {
			isa = XCBuildConfiguration;
			buildSettings = {
				ALWAYS_SEARCH_USER_PATHS = NO;
				CLANG_ANALYZER_NONNULL = YES;
				CLANG_ANALYZER_NUMBER_OBJECT_CONVERSION = YES_AGGRESSIVE;
				CLANG_CXX_LANGUAGE_STANDARD = "gnu++14";
				CLANG_CXX_LIBRARY = "libc++";
				CLANG_ENABLE_MODULES = YES;
				CLANG_ENABLE_OBJC_ARC = YES;
				CLANG_WARN_BLOCK_CAPTURE_AUTORELEASING = YES;
				CLANG_WARN_BOOL_CONVERSION = YES;
				CLANG_WARN_COMMA = YES;
				CLANG_WARN_CONSTANT_CONVERSION = YES;
				CLANG_WARN_DIRECT_OBJC_ISA_USAGE = YES_ERROR;
				CLANG_WARN_DOCUMENTATION_COMMENTS = YES;
				CLANG_WARN_EMPTY_BODY = YES;
				CLANG_WARN_ENUM_CONVERSION = YES;
				CLANG_WARN_INFINITE_RECURSION = YES;
				CLANG_WARN_INT_CONVERSION = YES;
				CLANG_WARN_OBJC_ROOT_CLASS = YES_ERROR;
				CLANG_WARN_RANGE_LOOP_ANALYSIS = YES;
				CLANG_WARN_STRICT_PROTOTYPES = YES;
				CLANG_WARN_SUSPICIOUS_MOVE = YES;
				CLANG_WARN_UNGUARDED_AVAILABILITY = YES_AGGRESSIVE;
				CLANG_WARN_UNREACHABLE_CODE = YES;
				CLANG_WARN__DUPLICATE_METHOD_MATCH = YES;
				CODE_SIGN_IDENTITY = "iPhone Developer";
				COPY_PHASE_STRIP = NO;
				DEBUG_INFORMATION_FORMAT = dwarf;
				ENABLE_STRICT_OBJC_MSGSEND = YES;
				ENABLE_TESTABILITY = YES;
				GCC_C_LANGUAGE_STANDARD = gnu11;
				GCC_DYNAMIC_NO_PIC = NO;
				GCC_NO_COMMON_BLOCKS = YES;
				GCC_OPTIMIZATION_LEVEL = 0;
				GCC_PREPROCESSOR_DEFINITIONS = (
					"DEBUG=1",
					"$(inherited)",
				);
				GCC_WARN_64_TO_32_BIT_CONVERSION = YES;
				GCC_WARN_ABOUT_RETURN_TYPE = YES_ERROR;
				GCC_WARN_UNDECLARED_SELECTOR = YES;
				GCC_WARN_UNINITIALIZED_AUTOS = YES_AGGRESSIVE;
				GCC_WARN_UNUSED_FUNCTION = YES;
				GCC_WARN_UNUSED_VARIABLE = YES;
				IPHONEOS_DEPLOYMENT_TARGET = 11.0;
				MTL_ENABLE_DEBUG_INFO = YES;
				ONLY_ACTIVE_ARCH = YES;
				SDKROOT = iphoneos;
			};
			name = Debug;
		};
		1235B2551EFDC4740032DDF3 /* Release */ = {
			isa = XCBuildConfiguration;
			buildSettings = {
				ALWAYS_SEARCH_USER_PATHS = NO;
				CLANG_ANALYZER_NONNULL = YES;
				CLANG_ANALYZER_NUMBER_OBJECT_CONVERSION = YES_AGGRESSIVE;
				CLANG_CXX_LANGUAGE_STANDARD = "gnu++14";
				CLANG_CXX_LIBRARY = "libc++";
				CLANG_ENABLE_MODULES = YES;
				CLANG_ENABLE_OBJC_ARC = YES;
				CLANG_WARN_BLOCK_CAPTURE_AUTORELEASING = YES;
				CLANG_WARN_BOOL_CONVERSION = YES;
				CLANG_WARN_COMMA = YES;
				CLANG_WARN_CONSTANT_CONVERSION = YES;
				CLANG_WARN_DIRECT_OBJC_ISA_USAGE = YES_ERROR;
				CLANG_WARN_DOCUMENTATION_COMMENTS = YES;
				CLANG_WARN_EMPTY_BODY = YES;
				CLANG_WARN_ENUM_CONVERSION = YES;
				CLANG_WARN_INFINITE_RECURSION = YES;
				CLANG_WARN_INT_CONVERSION = YES;
				CLANG_WARN_OBJC_ROOT_CLASS = YES_ERROR;
				CLANG_WARN_RANGE_LOOP_ANALYSIS = YES;
				CLANG_WARN_STRICT_PROTOTYPES = YES;
				CLANG_WARN_SUSPICIOUS_MOVE = YES;
				CLANG_WARN_UNGUARDED_AVAILABILITY = YES_AGGRESSIVE;
				CLANG_WARN_UNREACHABLE_CODE = YES;
				CLANG_WARN__DUPLICATE_METHOD_MATCH = YES;
				CODE_SIGN_IDENTITY = "iPhone Developer";
				COPY_PHASE_STRIP = NO;
				DEBUG_INFORMATION_FORMAT = "dwarf-with-dsym";
				ENABLE_NS_ASSERTIONS = NO;
				ENABLE_STRICT_OBJC_MSGSEND = YES;
				GCC_C_LANGUAGE_STANDARD = gnu11;
				GCC_NO_COMMON_BLOCKS = YES;
				GCC_WARN_64_TO_32_BIT_CONVERSION = YES;
				GCC_WARN_ABOUT_RETURN_TYPE = YES_ERROR;
				GCC_WARN_UNDECLARED_SELECTOR = YES;
				GCC_WARN_UNINITIALIZED_AUTOS = YES_AGGRESSIVE;
				GCC_WARN_UNUSED_FUNCTION = YES;
				GCC_WARN_UNUSED_VARIABLE = YES;
				IPHONEOS_DEPLOYMENT_TARGET = 11.0;
				MTL_ENABLE_DEBUG_INFO = NO;
				SDKROOT = iphoneos;
				VALIDATE_PRODUCT = YES;
			};
			name = Release;
		};
		1235B2571EFDC4740032DDF3 /* Debug */ = {
			isa = XCBuildConfiguration;
			buildSettings = {
				ASSETCATALOG_COMPILER_APPICON_NAME = AppIcon;
				DEVELOPMENT_TEAM = GR8YTJP3JY;
				INFOPLIST_FILE = UIPickerViews/Info.plist;
				LD_RUNPATH_SEARCH_PATHS = "$(inherited) @executable_path/Frameworks";
				PRODUCT_BUNDLE_IDENTIFIER = com.geekylemondevelopment.UIPickerViews;
				PRODUCT_NAME = "$(TARGET_NAME)";
				TARGETED_DEVICE_FAMILY = "1,2";
			};
			name = Debug;
		};
		1235B2581EFDC4740032DDF3 /* Release */ = {
			isa = XCBuildConfiguration;
			buildSettings = {
				ASSETCATALOG_COMPILER_APPICON_NAME = AppIcon;
				DEVELOPMENT_TEAM = GR8YTJP3JY;
				INFOPLIST_FILE = UIPickerViews/Info.plist;
				LD_RUNPATH_SEARCH_PATHS = "$(inherited) @executable_path/Frameworks";
				PRODUCT_BUNDLE_IDENTIFIER = com.geekylemondevelopment.UIPickerViews;
				PRODUCT_NAME = "$(TARGET_NAME)";
				TARGETED_DEVICE_FAMILY = "1,2";
			};
			name = Release;
		};
		1235B25A1EFDC4740032DDF3 /* Debug */ = {
			isa = XCBuildConfiguration;
			buildSettings = {
				BUNDLE_LOADER = "$(TEST_HOST)";
				DEVELOPMENT_TEAM = GR8YTJP3JY;
				INFOPLIST_FILE = UIPickerViewsTests/Info.plist;
				LD_RUNPATH_SEARCH_PATHS = "$(inherited) @executable_path/Frameworks @loader_path/Frameworks";
				PRODUCT_BUNDLE_IDENTIFIER = com.geekylemondevelopment.UIPickerViewsTests;
				PRODUCT_NAME = "$(TARGET_NAME)";
				TARGETED_DEVICE_FAMILY = "1,2";
				TEST_HOST = "$(BUILT_PRODUCTS_DIR)/UIPickerViews.app/UIPickerViews";
			};
			name = Debug;
		};
		1235B25B1EFDC4740032DDF3 /* Release */ = {
			isa = XCBuildConfiguration;
			buildSettings = {
				BUNDLE_LOADER = "$(TEST_HOST)";
				DEVELOPMENT_TEAM = GR8YTJP3JY;
				INFOPLIST_FILE = UIPickerViewsTests/Info.plist;
				LD_RUNPATH_SEARCH_PATHS = "$(inherited) @executable_path/Frameworks @loader_path/Frameworks";
				PRODUCT_BUNDLE_IDENTIFIER = com.geekylemondevelopment.UIPickerViewsTests;
				PRODUCT_NAME = "$(TARGET_NAME)";
				TARGETED_DEVICE_FAMILY = "1,2";
				TEST_HOST = "$(BUILT_PRODUCTS_DIR)/UIPickerViews.app/UIPickerViews";
			};
			name = Release;
		};
		1235B25D1EFDC4740032DDF3 /* Debug */ = {
			isa = XCBuildConfiguration;
			buildSettings = {
				DEVELOPMENT_TEAM = GR8YTJP3JY;
				INFOPLIST_FILE = UIPickerViewsUITests/Info.plist;
				LD_RUNPATH_SEARCH_PATHS = "$(inherited) @executable_path/Frameworks @loader_path/Frameworks";
				PRODUCT_BUNDLE_IDENTIFIER = com.geekylemondevelopment.UIPickerViewsUITests;
				PRODUCT_NAME = "$(TARGET_NAME)";
				TARGETED_DEVICE_FAMILY = "1,2";
				TEST_TARGET_NAME = UIPickerViews;
			};
			name = Debug;
		};
		1235B25E1EFDC4740032DDF3 /* Release */ = {
			isa = XCBuildConfiguration;
			buildSettings = {
				DEVELOPMENT_TEAM = GR8YTJP3JY;
				INFOPLIST_FILE = UIPickerViewsUITests/Info.plist;
				LD_RUNPATH_SEARCH_PATHS = "$(inherited) @executable_path/Frameworks @loader_path/Frameworks";
				PRODUCT_BUNDLE_IDENTIFIER = com.geekylemondevelopment.UIPickerViewsUITests;
				PRODUCT_NAME = "$(TARGET_NAME)";
				TARGETED_DEVICE_FAMILY = "1,2";
				TEST_TARGET_NAME = UIPickerViews;
			};
			name = Release;
		};
/* End XCBuildConfiguration section */

/* Begin XCConfigurationList section */
		1235B2251EFDC4740032DDF3 /* Build configuration list for PBXProject "UIPickerViews" */ = {
			isa = XCConfigurationList;
			buildConfigurations = (
				1235B2541EFDC4740032DDF3 /* Debug */,
				1235B2551EFDC4740032DDF3 /* Release */,
			);
			defaultConfigurationIsVisible = 0;
			defaultConfigurationName = Release;
		};
		1235B2561EFDC4740032DDF3 /* Build configuration list for PBXNativeTarget "UIPickerViews" */ = {
			isa = XCConfigurationList;
			buildConfigurations = (
				1235B2571EFDC4740032DDF3 /* Debug */,
				1235B2581EFDC4740032DDF3 /* Release */,
			);
			defaultConfigurationIsVisible = 0;
		};
		1235B2591EFDC4740032DDF3 /* Build configuration list for PBXNativeTarget "UIPickerViewsTests" */ = {
			isa = XCConfigurationList;
			buildConfigurations = (
				1235B25A1EFDC4740032DDF3 /* Debug */,
				1235B25B1EFDC4740032DDF3 /* Release */,
			);
			defaultConfigurationIsVisible = 0;
		};
		1235B25C1EFDC4740032DDF3 /* Build configuration list for PBXNativeTarget "UIPickerViewsUITests" */ = {
			isa = XCConfigurationList;
			buildConfigurations = (
				1235B25D1EFDC4740032DDF3 /* Debug */,
				1235B25E1EFDC4740032DDF3 /* Release */,
			);
			defaultConfigurationIsVisible = 0;
		};
/* End XCConfigurationList section */
	};
	rootObject = 1235B2221EFDC4740032DDF3 /* Project object */;
}
